
Microsoft Visual Studio Solution File, Format Version 12.00
# Visual Studio 15
VisualStudioVersion = 15.0.34112.143
MinimumVisualStudioVersion = 10.0.40219.1
Project("{8BC9CEB8-8B4A-11D0-8D11-00A0C91BC942}") = "3.17", "3.17\3.17.vcxproj", "{21A17D58-AEF1-482B-8F7E-D66C9FF55328}"
EndProject
Global
	GlobalSection(SolutionConfigurationPlatforms) = preSolution
		Debug|x64 = Debug|x64
		Debug|x86 = Debug|x86
		Release|x64 = Release|x64
		Release|x86 = Release|x86
	EndGlobalSection
	GlobalSection(ProjectConfigurationPlatforms) = postSolution
		{21A17D58-AEF1-482B-8F7E-D66C9FF55328}.Debug|x64.ActiveCfg = Debug|x64
		{21A17D58-AEF1-482B-8F7E-D66C9FF55328}.Debug|x64.Build.0 = Debug|x64
		{21A17D58-AEF1-482B-8F7E-D66C9FF55328}.Debug|x86.ActiveCfg = Debug|Win32
		{21A17D58-AEF1-482B-8F7E-D66C9FF55328}.Debug|x86.Build.0 = Debug|Win32
		{21A17D58-AEF1-482B-8F7E-D66C9FF55328}.Release|x64.ActiveCfg = Release|x64
		{21A17D58-AEF1-482B-8F7E-D66C9FF55328}.Release|x64.Build.0 = Release|x64
		{21A17D58-AEF1-482B-8F7E-D66C9FF55328}.Release|x86.ActiveCfg = Release|Win32
		{21A17D58-AEF1-482B-8F7E-D66C9FF55328}.Release|x86.Build.0 = Release|Win32
	EndGlobalSection
	GlobalSection(SolutionProperties) = preSolution
		HideSolutionNode = FALSE
	EndGlobalSection
	GlobalSection(ExtensibilityGlobals) = postSolution
		SolutionGuid = {682B67DC-E7E4-44CA-B134-F2EF1F2AF150}
	EndGlobalSection
EndGlobal
