
Microsoft Visual Studio Solution File, Format Version 12.00
# Visual Studio 15
VisualStudioVersion = 15.0.34112.143
MinimumVisualStudioVersion = 10.0.40219.1
Project("{8BC9CEB8-8B4A-11D0-8D11-00A0C91BC942}") = "4.15", "4.15\4.15.vcxproj", "{B72F8703-D091-40CB-B875-68B0FC9EE35D}"
EndProject
Global
	GlobalSection(SolutionConfigurationPlatforms) = preSolution
		Debug|x64 = Debug|x64
		Debug|x86 = Debug|x86
		Release|x64 = Release|x64
		Release|x86 = Release|x86
	EndGlobalSection
	GlobalSection(ProjectConfigurationPlatforms) = postSolution
		{B72F8703-D091-40CB-B875-68B0FC9EE35D}.Debug|x64.ActiveCfg = Debug|x64
		{B72F8703-D091-40CB-B875-68B0FC9EE35D}.Debug|x64.Build.0 = Debug|x64
		{B72F8703-D091-40CB-B875-68B0FC9EE35D}.Debug|x86.ActiveCfg = Debug|Win32
		{B72F8703-D091-40CB-B875-68B0FC9EE35D}.Debug|x86.Build.0 = Debug|Win32
		{B72F8703-D091-40CB-B875-68B0FC9EE35D}.Release|x64.ActiveCfg = Release|x64
		{B72F8703-D091-40CB-B875-68B0FC9EE35D}.Release|x64.Build.0 = Release|x64
		{B72F8703-D091-40CB-B875-68B0FC9EE35D}.Release|x86.ActiveCfg = Release|Win32
		{B72F8703-D091-40CB-B875-68B0FC9EE35D}.Release|x86.Build.0 = Release|Win32
	EndGlobalSection
	GlobalSection(SolutionProperties) = preSolution
		HideSolutionNode = FALSE
	EndGlobalSection
	GlobalSection(ExtensibilityGlobals) = postSolution
		SolutionGuid = {9DA91022-AA23-4E5E-9961-B48B6CD93164}
	EndGlobalSection
EndGlobal
