
Microsoft Visual Studio Solution File, Format Version 12.00
# Visual Studio 15
VisualStudioVersion = 15.0.34112.143
MinimumVisualStudioVersion = 10.0.40219.1
Project("{8BC9CEB8-8B4A-11D0-8D11-00A0C91BC942}") = "3.19", "3.19\3.19.vcxproj", "{A1A4F4C7-87A4-4218-A3B4-F91A3C34745C}"
EndProject
Global
	GlobalSection(SolutionConfigurationPlatforms) = preSolution
		Debug|x64 = Debug|x64
		Debug|x86 = Debug|x86
		Release|x64 = Release|x64
		Release|x86 = Release|x86
	EndGlobalSection
	GlobalSection(ProjectConfigurationPlatforms) = postSolution
		{A1A4F4C7-87A4-4218-A3B4-F91A3C34745C}.Debug|x64.ActiveCfg = Debug|x64
		{A1A4F4C7-87A4-4218-A3B4-F91A3C34745C}.Debug|x64.Build.0 = Debug|x64
		{A1A4F4C7-87A4-4218-A3B4-F91A3C34745C}.Debug|x86.ActiveCfg = Debug|Win32
		{A1A4F4C7-87A4-4218-A3B4-F91A3C34745C}.Debug|x86.Build.0 = Debug|Win32
		{A1A4F4C7-87A4-4218-A3B4-F91A3C34745C}.Release|x64.ActiveCfg = Release|x64
		{A1A4F4C7-87A4-4218-A3B4-F91A3C34745C}.Release|x64.Build.0 = Release|x64
		{A1A4F4C7-87A4-4218-A3B4-F91A3C34745C}.Release|x86.ActiveCfg = Release|Win32
		{A1A4F4C7-87A4-4218-A3B4-F91A3C34745C}.Release|x86.Build.0 = Release|Win32
	EndGlobalSection
	GlobalSection(SolutionProperties) = preSolution
		HideSolutionNode = FALSE
	EndGlobalSection
	GlobalSection(ExtensibilityGlobals) = postSolution
		SolutionGuid = {6ED4EA05-1688-4EB6-AF17-D17461C74D27}
	EndGlobalSection
EndGlobal
